
Microsoft Visual Studio Solution File, Format Version 12.00
# Visual Studio Version 17
VisualStudioVersion = 17.13.35825.156 d17.13
MinimumVisualStudioVersion = 10.0.40219.1
Project("{8BC9CEB8-8B4A-11D0-8D11-00A0C91BC942}") = "14_1_CppBasicsArrayTemplate", "14_1_CppBasicsArrayTemplate.vcxproj", "{CB4FF5E3-7F28-479E-9E9C-EA2F319005FB}"
EndProject
Global
	GlobalSection(SolutionConfigurationPlatforms) = preSolution
		Debug|x64 = Debug|x64
		Debug|x86 = Debug|x86
		Release|x64 = Release|x64
		Release|x86 = Release|x86
	EndGlobalSection
	GlobalSection(ProjectConfigurationPlatforms) = postSolution
		{CB4FF5E3-7F28-479E-9E9C-EA2F319005FB}.Debug|x64.ActiveCfg = Debug|x64
		{CB4FF5E3-7F28-479E-9E9C-EA2F319005FB}.Debug|x64.Build.0 = Debug|x64
		{CB4FF5E3-7F28-479E-9E9C-EA2F319005FB}.Debug|x86.ActiveCfg = Debug|Win32
		{CB4FF5E3-7F28-479E-9E9C-EA2F319005FB}.Debug|x86.Build.0 = Debug|Win32
		{CB4FF5E3-7F28-479E-9E9C-EA2F319005FB}.Release|x64.ActiveCfg = Release|x64
		{CB4FF5E3-7F28-479E-9E9C-EA2F319005FB}.Release|x64.Build.0 = Release|x64
		{CB4FF5E3-7F28-479E-9E9C-EA2F319005FB}.Release|x86.ActiveCfg = Release|Win32
		{CB4FF5E3-7F28-479E-9E9C-EA2F319005FB}.Release|x86.Build.0 = Release|Win32
	EndGlobalSection
	GlobalSection(SolutionProperties) = preSolution
		HideSolutionNode = FALSE
	EndGlobalSection
	GlobalSection(ExtensibilityGlobals) = postSolution
		SolutionGuid = {C6930EE4-D2FC-447A-AA70-3D4B34335FD0}
	EndGlobalSection
EndGlobal
