
Microsoft Visual Studio Solution File, Format Version 12.00
# Visual Studio Version 17
VisualStudioVersion = 17.13.35825.156 d17.13
MinimumVisualStudioVersion = 10.0.40219.1
Project("{8BC9CEB8-8B4A-11D0-8D11-00A0C91BC942}") = "2_2_CppBasicsCheckSNILS", "2_2_CppBasicsCheckSNILS.vcxproj", "{0F9FC1B9-337E-424A-B1D7-B23CF6EEE264}"
EndProject
Global
	GlobalSection(SolutionConfigurationPlatforms) = preSolution
		Debug|x64 = Debug|x64
		Debug|x86 = Debug|x86
		Release|x64 = Release|x64
		Release|x86 = Release|x86
	EndGlobalSection
	GlobalSection(ProjectConfigurationPlatforms) = postSolution
		{0F9FC1B9-337E-424A-B1D7-B23CF6EEE264}.Debug|x64.ActiveCfg = Debug|x64
		{0F9FC1B9-337E-424A-B1D7-B23CF6EEE264}.Debug|x64.Build.0 = Debug|x64
		{0F9FC1B9-337E-424A-B1D7-B23CF6EEE264}.Debug|x86.ActiveCfg = Debug|Win32
		{0F9FC1B9-337E-424A-B1D7-B23CF6EEE264}.Debug|x86.Build.0 = Debug|Win32
		{0F9FC1B9-337E-424A-B1D7-B23CF6EEE264}.Release|x64.ActiveCfg = Release|x64
		{0F9FC1B9-337E-424A-B1D7-B23CF6EEE264}.Release|x64.Build.0 = Release|x64
		{0F9FC1B9-337E-424A-B1D7-B23CF6EEE264}.Release|x86.ActiveCfg = Release|Win32
		{0F9FC1B9-337E-424A-B1D7-B23CF6EEE264}.Release|x86.Build.0 = Release|Win32
	EndGlobalSection
	GlobalSection(SolutionProperties) = preSolution
		HideSolutionNode = FALSE
	EndGlobalSection
	GlobalSection(ExtensibilityGlobals) = postSolution
		SolutionGuid = {AF111D6C-8281-4A63-AACC-D353A0E40DC3}
	EndGlobalSection
EndGlobal
