
Microsoft Visual Studio Solution File, Format Version 12.00
# Visual Studio Version 17
VisualStudioVersion = 17.13.35825.156 d17.13
MinimumVisualStudioVersion = 10.0.40219.1
Project("{8BC9CEB8-8B4A-11D0-8D11-00A0C91BC942}") = "3_3_CppBasicsTriangleAreas", "3_3_CppBasicsTriangleAreas.vcxproj", "{ACE36246-F0ED-4520-8408-BA311759D841}"
EndProject
Global
	GlobalSection(SolutionConfigurationPlatforms) = preSolution
		Debug|x64 = Debug|x64
		Debug|x86 = Debug|x86
		Release|x64 = Release|x64
		Release|x86 = Release|x86
	EndGlobalSection
	GlobalSection(ProjectConfigurationPlatforms) = postSolution
		{ACE36246-F0ED-4520-8408-BA311759D841}.Debug|x64.ActiveCfg = Debug|x64
		{ACE36246-F0ED-4520-8408-BA311759D841}.Debug|x64.Build.0 = Debug|x64
		{ACE36246-F0ED-4520-8408-BA311759D841}.Debug|x86.ActiveCfg = Debug|Win32
		{ACE36246-F0ED-4520-8408-BA311759D841}.Debug|x86.Build.0 = Debug|Win32
		{ACE36246-F0ED-4520-8408-BA311759D841}.Release|x64.ActiveCfg = Release|x64
		{ACE36246-F0ED-4520-8408-BA311759D841}.Release|x64.Build.0 = Release|x64
		{ACE36246-F0ED-4520-8408-BA311759D841}.Release|x86.ActiveCfg = Release|Win32
		{ACE36246-F0ED-4520-8408-BA311759D841}.Release|x86.Build.0 = Release|Win32
	EndGlobalSection
	GlobalSection(SolutionProperties) = preSolution
		HideSolutionNode = FALSE
	EndGlobalSection
	GlobalSection(ExtensibilityGlobals) = postSolution
		SolutionGuid = {48831F2E-512B-479A-9894-7A7C7FDFA1C4}
	EndGlobalSection
EndGlobal
